
Microsoft Visual Studio Solution File, Format Version 12.00
# Visual Studio 15
VisualStudioVersion = 15.0.28307.329
MinimumVisualStudioVersion = 10.0.40219.1
Project("{FAE04EC0-301F-11D3-BF4B-00C04F79EFBC}") = "wmp_pro", "wmp_pro\wmp_pro.csproj", "{EF96C440-C9BA-4F70-BF99-D99ECC053B02}"
EndProject
Global
	GlobalSection(SolutionConfigurationPlatforms) = preSolution
		Debug|Any CPU = Debug|Any CPU
		Release|Any CPU = Release|Any CPU
	EndGlobalSection
	GlobalSection(ProjectConfigurationPlatforms) = postSolution
		{EF96C440-C9BA-4F70-BF99-D99ECC053B02}.Debug|Any CPU.ActiveCfg = Debug|Any CPU
		{EF96C440-C9BA-4F70-BF99-D99ECC053B02}.Debug|Any CPU.Build.0 = Debug|Any CPU
		{EF96C440-C9BA-4F70-BF99-D99ECC053B02}.Release|Any CPU.ActiveCfg = Release|Any CPU
		{EF96C440-C9BA-4F70-BF99-D99ECC053B02}.Release|Any CPU.Build.0 = Release|Any CPU
	EndGlobalSection
	GlobalSection(SolutionProperties) = preSolution
		HideSolutionNode = FALSE
	EndGlobalSection
	GlobalSection(ExtensibilityGlobals) = postSolution
		SolutionGuid = {5AE59BA8-0F79-4C1B-A9C3-BBEB5E761C54}
	EndGlobalSection
EndGlobal
